
Microsoft Visual Studio Solution File, Format Version 12.00
# Visual Studio 2012
Project("{2150E333-8FDC-42A3-9474-1A3956D46DE8}") = "Solution Items", "Solution Items", "{C554E4E4-8FFF-4F10-9FBC-393CAE99357E}"
	ProjectSection(SolutionItems) = preProject
		UndoManager.testsettings = UndoManager.testsettings
	EndProjectSection
EndProject
Project("{2150E333-8FDC-42A3-9474-1A3956D46DE8}") = "Tests", "Tests", "{618E0440-69B8-435C-B574-68939F034967}"
EndProject
Project("{2150E333-8FDC-42A3-9474-1A3956D46DE8}") = "Example", "Example", "{1412362D-DE95-4E24-B048-B45B6D9F8152}"
EndProject
Project("{FAE04EC0-301F-11D3-BF4B-00C04F79EFBC}") = "Diskordia.UndoManager", "Diskordia.UndoManager\Diskordia.UndoManager.csproj", "{DC77EA26-F678-4088-B93F-98B14F8B15C1}"
EndProject
Project("{FAE04EC0-301F-11D3-BF4B-00C04F79EFBC}") = "Diskordia.UndoManager.Tests", "Diskordia.UndoManager.Tests\Diskordia.UndoManager.Tests.csproj", "{B683119B-20DE-4E37-A073-A4AFDBD62B51}"
EndProject
Project("{FAE04EC0-301F-11D3-BF4B-00C04F79EFBC}") = "Diskordia.UndoManager.SimpleExample", "Diskordia.UndoManager.SimpleExample\Diskordia.UndoManager.SimpleExample.csproj", "{22E1BF8D-07CB-4DD8-943D-291C11B909A9}"
EndProject
Project("{2150E333-8FDC-42A3-9474-1A3956D46DE8}") = ".nuget", ".nuget", "{3BDE2F98-7A55-402F-B313-8C461A4F4811}"
	ProjectSection(SolutionItems) = preProject
		.nuget\NuGet.Config = .nuget\NuGet.Config
		.nuget\NuGet.exe = .nuget\NuGet.exe
		.nuget\NuGet.targets = .nuget\NuGet.targets
	EndProjectSection
EndProject
Global
	GlobalSection(TeamFoundationVersionControl) = preSolution
		SccNumberOfProjects = 4
		SccEnterpriseProvider = {4CA58AB2-18FA-4F8D-95D4-32DDF27D184C}
		SccTeamFoundationServer = https://tfs.codeplex.com/tfs/tfs31
		SccLocalPath0 = .
		SccProjectUniqueName1 = Diskordia.UndoManager.Tests\\Diskordia.UndoManager.Tests.csproj
		SccProjectTopLevelParentUniqueName1 = UndoManager.sln
		SccProjectName1 = Diskordia.UndoManager.Tests
		SccLocalPath1 = Diskordia.UndoManager.Tests
		SccProjectUniqueName2 = Diskordia.UndoManager\\Diskordia.UndoManager.csproj
		SccProjectName2 = Diskordia.UndoManager
		SccLocalPath2 = Diskordia.UndoManager
		SccProjectUniqueName3 = Diskordia.UndoManager.SimpleExample\\Diskordia.UndoManager.SimpleExample.csproj
		SccProjectTopLevelParentUniqueName3 = UndoManager.sln
		SccProjectName3 = Diskordia.UndoManager.SimpleExample
		SccLocalPath3 = Diskordia.UndoManager.SimpleExample
	EndGlobalSection
	GlobalSection(SolutionConfigurationPlatforms) = preSolution
		Debug|Any CPU = Debug|Any CPU
		Debug|Mixed Platforms = Debug|Mixed Platforms
		Debug|x86 = Debug|x86
		Release|Any CPU = Release|Any CPU
		Release|Mixed Platforms = Release|Mixed Platforms
		Release|x86 = Release|x86
	EndGlobalSection
	GlobalSection(ProjectConfigurationPlatforms) = postSolution
		{DC77EA26-F678-4088-B93F-98B14F8B15C1}.Debug|Any CPU.ActiveCfg = Debug|Any CPU
		{DC77EA26-F678-4088-B93F-98B14F8B15C1}.Debug|Any CPU.Build.0 = Debug|Any CPU
		{DC77EA26-F678-4088-B93F-98B14F8B15C1}.Debug|Mixed Platforms.ActiveCfg = Debug|Any CPU
		{DC77EA26-F678-4088-B93F-98B14F8B15C1}.Debug|Mixed Platforms.Build.0 = Debug|Any CPU
		{DC77EA26-F678-4088-B93F-98B14F8B15C1}.Debug|x86.ActiveCfg = Debug|Any CPU
		{DC77EA26-F678-4088-B93F-98B14F8B15C1}.Release|Any CPU.ActiveCfg = Release|Any CPU
		{DC77EA26-F678-4088-B93F-98B14F8B15C1}.Release|Any CPU.Build.0 = Release|Any CPU
		{DC77EA26-F678-4088-B93F-98B14F8B15C1}.Release|Mixed Platforms.ActiveCfg = Release|Any CPU
		{DC77EA26-F678-4088-B93F-98B14F8B15C1}.Release|Mixed Platforms.Build.0 = Release|Any CPU
		{DC77EA26-F678-4088-B93F-98B14F8B15C1}.Release|x86.ActiveCfg = Release|Any CPU
		{B683119B-20DE-4E37-A073-A4AFDBD62B51}.Debug|Any CPU.ActiveCfg = Debug|Any CPU
		{B683119B-20DE-4E37-A073-A4AFDBD62B51}.Debug|Any CPU.Build.0 = Debug|Any CPU
		{B683119B-20DE-4E37-A073-A4AFDBD62B51}.Debug|Mixed Platforms.ActiveCfg = Debug|Any CPU
		{B683119B-20DE-4E37-A073-A4AFDBD62B51}.Debug|Mixed Platforms.Build.0 = Debug|Any CPU
		{B683119B-20DE-4E37-A073-A4AFDBD62B51}.Debug|x86.ActiveCfg = Debug|Any CPU
		{B683119B-20DE-4E37-A073-A4AFDBD62B51}.Release|Any CPU.ActiveCfg = Release|Any CPU
		{B683119B-20DE-4E37-A073-A4AFDBD62B51}.Release|Any CPU.Build.0 = Release|Any CPU
		{B683119B-20DE-4E37-A073-A4AFDBD62B51}.Release|Mixed Platforms.ActiveCfg = Release|Any CPU
		{B683119B-20DE-4E37-A073-A4AFDBD62B51}.Release|Mixed Platforms.Build.0 = Release|Any CPU
		{B683119B-20DE-4E37-A073-A4AFDBD62B51}.Release|x86.ActiveCfg = Release|Any CPU
		{22E1BF8D-07CB-4DD8-943D-291C11B909A9}.Debug|Any CPU.ActiveCfg = Debug|x86
		{22E1BF8D-07CB-4DD8-943D-291C11B909A9}.Debug|Mixed Platforms.ActiveCfg = Debug|x86
		{22E1BF8D-07CB-4DD8-943D-291C11B909A9}.Debug|Mixed Platforms.Build.0 = Debug|x86
		{22E1BF8D-07CB-4DD8-943D-291C11B909A9}.Debug|x86.ActiveCfg = Debug|x86
		{22E1BF8D-07CB-4DD8-943D-291C11B909A9}.Debug|x86.Build.0 = Debug|x86
		{22E1BF8D-07CB-4DD8-943D-291C11B909A9}.Release|Any CPU.ActiveCfg = Release|x86
		{22E1BF8D-07CB-4DD8-943D-291C11B909A9}.Release|Mixed Platforms.ActiveCfg = Release|x86
		{22E1BF8D-07CB-4DD8-943D-291C11B909A9}.Release|Mixed Platforms.Build.0 = Release|x86
		{22E1BF8D-07CB-4DD8-943D-291C11B909A9}.Release|x86.ActiveCfg = Release|x86
		{22E1BF8D-07CB-4DD8-943D-291C11B909A9}.Release|x86.Build.0 = Release|x86
	EndGlobalSection
	GlobalSection(SolutionProperties) = preSolution
		HideSolutionNode = FALSE
	EndGlobalSection
	GlobalSection(NestedProjects) = preSolution
		{B683119B-20DE-4E37-A073-A4AFDBD62B51} = {618E0440-69B8-435C-B574-68939F034967}
		{22E1BF8D-07CB-4DD8-943D-291C11B909A9} = {1412362D-DE95-4E24-B048-B45B6D9F8152}
	EndGlobalSection
EndGlobal
